
Microsoft Visual Studio Solution File, Format Version 12.00
# Visual Studio Version 16
VisualStudioVersion = 16.0.31205.134
MinimumVisualStudioVersion = 10.0.40219.1
Project("{FAE04EC0-301F-11D3-BF4B-00C04F79EFBC}") = "LoanRequestApp", "LoanRequestApp\LoanRequestApp.csproj", "{3F4C5540-63F6-4197-A155-70B69042D31B}"
EndProject
Global
	GlobalSection(SolutionConfigurationPlatforms) = preSolution
		Debug|Any CPU = Debug|Any CPU
		Release|Any CPU = Release|Any CPU
	EndGlobalSection
	GlobalSection(ProjectConfigurationPlatforms) = postSolution
		{3F4C5540-63F6-4197-A155-70B69042D31B}.Debug|Any CPU.ActiveCfg = Debug|Any CPU
		{3F4C5540-63F6-4197-A155-70B69042D31B}.Debug|Any CPU.Build.0 = Debug|Any CPU
		{3F4C5540-63F6-4197-A155-70B69042D31B}.Release|Any CPU.ActiveCfg = Release|Any CPU
		{3F4C5540-63F6-4197-A155-70B69042D31B}.Release|Any CPU.Build.0 = Release|Any CPU
	EndGlobalSection
	GlobalSection(SolutionProperties) = preSolution
		HideSolutionNode = FALSE
	EndGlobalSection
	GlobalSection(ExtensibilityGlobals) = postSolution
		SolutionGuid = {C97C85E3-7CD2-4186-960E-0454D63F37BD}
	EndGlobalSection
EndGlobal
